
Microsoft Visual Studio Solution File, Format Version 12.00
# Visual Studio Version 16
VisualStudioVersion = 16.0.33927.289
MinimumVisualStudioVersion = 10.0.40219.1
Project("{FAE04EC0-301F-11D3-BF4B-00C04F79EFBC}") = "T1E1", "T1E1\T1E1.csproj", "{0C305609-6AD0-4383-9B09-96255C9F7AE4}"
EndProject
Global
	GlobalSection(SolutionConfigurationPlatforms) = preSolution
		Debug|Any CPU = Debug|Any CPU
		Release|Any CPU = Release|Any CPU
	EndGlobalSection
	GlobalSection(ProjectConfigurationPlatforms) = postSolution
		{0C305609-6AD0-4383-9B09-96255C9F7AE4}.Debug|Any CPU.ActiveCfg = Debug|Any CPU
		{0C305609-6AD0-4383-9B09-96255C9F7AE4}.Debug|Any CPU.Build.0 = Debug|Any CPU
		{0C305609-6AD0-4383-9B09-96255C9F7AE4}.Release|Any CPU.ActiveCfg = Release|Any CPU
		{0C305609-6AD0-4383-9B09-96255C9F7AE4}.Release|Any CPU.Build.0 = Release|Any CPU
	EndGlobalSection
	GlobalSection(SolutionProperties) = preSolution
		HideSolutionNode = FALSE
	EndGlobalSection
	GlobalSection(ExtensibilityGlobals) = postSolution
		SolutionGuid = {96120720-3814-4529-BFA3-5619770CFCE7}
	EndGlobalSection
EndGlobal
