
Microsoft Visual Studio Solution File, Format Version 12.00
# Visual Studio Version 16
VisualStudioVersion = 16.0.33927.289
MinimumVisualStudioVersion = 10.0.40219.1
Project("{FAE04EC0-301F-11D3-BF4B-00C04F79EFBC}") = "T1E2", "T1E2\T1E2.csproj", "{C01E8BD6-33C8-4989-A259-CD3599A3316A}"
EndProject
Global
	GlobalSection(SolutionConfigurationPlatforms) = preSolution
		Debug|Any CPU = Debug|Any CPU
		Release|Any CPU = Release|Any CPU
	EndGlobalSection
	GlobalSection(ProjectConfigurationPlatforms) = postSolution
		{C01E8BD6-33C8-4989-A259-CD3599A3316A}.Debug|Any CPU.ActiveCfg = Debug|Any CPU
		{C01E8BD6-33C8-4989-A259-CD3599A3316A}.Debug|Any CPU.Build.0 = Debug|Any CPU
		{C01E8BD6-33C8-4989-A259-CD3599A3316A}.Release|Any CPU.ActiveCfg = Release|Any CPU
		{C01E8BD6-33C8-4989-A259-CD3599A3316A}.Release|Any CPU.Build.0 = Release|Any CPU
	EndGlobalSection
	GlobalSection(SolutionProperties) = preSolution
		HideSolutionNode = FALSE
	EndGlobalSection
	GlobalSection(ExtensibilityGlobals) = postSolution
		SolutionGuid = {375B9B56-3B9E-4C6F-8B9B-CD8B827C4FF9}
	EndGlobalSection
EndGlobal
